
Microsoft Visual Studio Solution File, Format Version 12.00
# Visual Studio Version 17
VisualStudioVersion = 17.0.31919.166
MinimumVisualStudioVersion = 10.0.40219.1
Project("{9A19103F-16F7-4668-BE54-9A1E7A4F7556}") = "Thundire.MVVM.WPF", "Thundire.MVVM.WPF\Thundire.MVVM.WPF.csproj", "{9196DCF2-1ABE-420C-B805-3370E65690D4}"
EndProject
Project("{9A19103F-16F7-4668-BE54-9A1E7A4F7556}") = "Thundire.MVVM.WPF.Autofac", "Thundire.MVVM.WPF.Autofac\Thundire.MVVM.WPF.Autofac.csproj", "{07F6B3B7-F091-4D50-96D3-D13C834459CC}"
EndProject
Project("{2150E333-8FDC-42A3-9474-1A3956D46DE8}") = "Samples", "Samples", "{8EEC6221-A170-4668-A271-CF7CA95E608D}"
EndProject
Project("{9A19103F-16F7-4668-BE54-9A1E7A4F7556}") = "AutofacSample", "Samples\AutofacSample\AutofacSample.csproj", "{63D7183C-A70D-43BB-98A8-A73748DAA1BE}"
EndProject
Project("{2150E333-8FDC-42A3-9474-1A3956D46DE8}") = "Tests", "Tests", "{E6AB0D24-BE0C-48C1-B425-6BC1FF5B918F}"
EndProject
Project("{2150E333-8FDC-42A3-9474-1A3956D46DE8}") = "QA", "QA", "{E69F32C6-7AAC-45F6-B38E-8CFB61D56E7B}"
EndProject
Project("{9A19103F-16F7-4668-BE54-9A1E7A4F7556}") = "Autofac_QA_Test", "Tests\QA\Autofac_QA_Test\Autofac_QA_Test.csproj", "{01350E08-6769-4487-BE8A-99B362DC2792}"
EndProject
Project("{9A19103F-16F7-4668-BE54-9A1E7A4F7556}") = "Thundire.MVVM.WPF.UnitTests", "Tests\UnitTests\Thundire.MVVM.WPF.UnitTests\Thundire.MVVM.WPF.UnitTests.csproj", "{26443D1A-9BE6-4C15-AC68-AF0689E7FD03}"
EndProject
Project("{2150E333-8FDC-42A3-9474-1A3956D46DE8}") = "UnitTests", "UnitTests", "{3054B438-962F-4C9B-A18A-709A7246B6B7}"
EndProject
Project("{9A19103F-16F7-4668-BE54-9A1E7A4F7556}") = "Thundire.Helpers", "Thundire.Helpers\Thundire.Helpers.csproj", "{4E217DC1-2F9A-4F97-8259-3309EE5F8FD3}"
EndProject
Project("{9A19103F-16F7-4668-BE54-9A1E7A4F7556}") = "Thundire.MVVM.Core", "Thundire.MVVM.Core\Thundire.MVVM.Core.csproj", "{1E9B7E5E-9454-4BDB-88D8-AEE36E43C8B6}"
EndProject
Project("{9A19103F-16F7-4668-BE54-9A1E7A4F7556}") = "Thundire.MVVM.WPF.Abstractions", "Thundire.MVVM.WPF.Abstractions\Thundire.MVVM.WPF.Abstractions.csproj", "{430C480C-4B95-4ED7-8014-63CD554E5DCE}"
EndProject
Project("{2150E333-8FDC-42A3-9474-1A3956D46DE8}") = "Solution Items", "Solution Items", "{FAFF318C-22D0-465A-9A7F-FF42915AE58A}"
	ProjectSection(SolutionItems) = preProject
		.editorconfig = .editorconfig
	EndProjectSection
EndProject
Project("{2150E333-8FDC-42A3-9474-1A3956D46DE8}") = "DiContainersRegistrations", "DiContainersRegistrations", "{DF83858A-8369-4E48-9800-376FDFFB5084}"
EndProject
Project("{FAE04EC0-301F-11D3-BF4B-00C04F79EFBC}") = "Thundire.MVVM.MicrosoftDIContainer", "DiContainers\Thundire.MVVM.MicrosoftDIContainer\Thundire.MVVM.MicrosoftDIContainer.csproj", "{59DB26F9-DAD5-4752-9104-3351D7310F66}"
EndProject
Project("{FAE04EC0-301F-11D3-BF4B-00C04F79EFBC}") = "Thundire.Core.DIContainer", "DiContainers\Thundire.Core.DIContainer\Thundire.Core.DIContainer.csproj", "{1F429D35-5048-4F09-829A-C2575CD4E25F}"
EndProject
Global
	GlobalSection(SolutionConfigurationPlatforms) = preSolution
		Debug|Any CPU = Debug|Any CPU
		Release|Any CPU = Release|Any CPU
	EndGlobalSection
	GlobalSection(ProjectConfigurationPlatforms) = postSolution
		{9196DCF2-1ABE-420C-B805-3370E65690D4}.Debug|Any CPU.ActiveCfg = Debug|Any CPU
		{9196DCF2-1ABE-420C-B805-3370E65690D4}.Debug|Any CPU.Build.0 = Debug|Any CPU
		{9196DCF2-1ABE-420C-B805-3370E65690D4}.Release|Any CPU.ActiveCfg = Release|Any CPU
		{9196DCF2-1ABE-420C-B805-3370E65690D4}.Release|Any CPU.Build.0 = Release|Any CPU
		{07F6B3B7-F091-4D50-96D3-D13C834459CC}.Debug|Any CPU.ActiveCfg = Debug|Any CPU
		{07F6B3B7-F091-4D50-96D3-D13C834459CC}.Debug|Any CPU.Build.0 = Debug|Any CPU
		{07F6B3B7-F091-4D50-96D3-D13C834459CC}.Release|Any CPU.ActiveCfg = Release|Any CPU
		{07F6B3B7-F091-4D50-96D3-D13C834459CC}.Release|Any CPU.Build.0 = Release|Any CPU
		{63D7183C-A70D-43BB-98A8-A73748DAA1BE}.Debug|Any CPU.ActiveCfg = Debug|Any CPU
		{63D7183C-A70D-43BB-98A8-A73748DAA1BE}.Debug|Any CPU.Build.0 = Debug|Any CPU
		{63D7183C-A70D-43BB-98A8-A73748DAA1BE}.Release|Any CPU.ActiveCfg = Release|Any CPU
		{63D7183C-A70D-43BB-98A8-A73748DAA1BE}.Release|Any CPU.Build.0 = Release|Any CPU
		{01350E08-6769-4487-BE8A-99B362DC2792}.Debug|Any CPU.ActiveCfg = Debug|Any CPU
		{01350E08-6769-4487-BE8A-99B362DC2792}.Debug|Any CPU.Build.0 = Debug|Any CPU
		{01350E08-6769-4487-BE8A-99B362DC2792}.Release|Any CPU.ActiveCfg = Release|Any CPU
		{01350E08-6769-4487-BE8A-99B362DC2792}.Release|Any CPU.Build.0 = Release|Any CPU
		{26443D1A-9BE6-4C15-AC68-AF0689E7FD03}.Debug|Any CPU.ActiveCfg = Debug|Any CPU
		{26443D1A-9BE6-4C15-AC68-AF0689E7FD03}.Debug|Any CPU.Build.0 = Debug|Any CPU
		{26443D1A-9BE6-4C15-AC68-AF0689E7FD03}.Release|Any CPU.ActiveCfg = Release|Any CPU
		{26443D1A-9BE6-4C15-AC68-AF0689E7FD03}.Release|Any CPU.Build.0 = Release|Any CPU
		{4E217DC1-2F9A-4F97-8259-3309EE5F8FD3}.Debug|Any CPU.ActiveCfg = Debug|Any CPU
		{4E217DC1-2F9A-4F97-8259-3309EE5F8FD3}.Debug|Any CPU.Build.0 = Debug|Any CPU
		{4E217DC1-2F9A-4F97-8259-3309EE5F8FD3}.Release|Any CPU.ActiveCfg = Release|Any CPU
		{4E217DC1-2F9A-4F97-8259-3309EE5F8FD3}.Release|Any CPU.Build.0 = Release|Any CPU
		{1E9B7E5E-9454-4BDB-88D8-AEE36E43C8B6}.Debug|Any CPU.ActiveCfg = Debug|Any CPU
		{1E9B7E5E-9454-4BDB-88D8-AEE36E43C8B6}.Debug|Any CPU.Build.0 = Debug|Any CPU
		{1E9B7E5E-9454-4BDB-88D8-AEE36E43C8B6}.Release|Any CPU.ActiveCfg = Release|Any CPU
		{1E9B7E5E-9454-4BDB-88D8-AEE36E43C8B6}.Release|Any CPU.Build.0 = Release|Any CPU
		{430C480C-4B95-4ED7-8014-63CD554E5DCE}.Debug|Any CPU.ActiveCfg = Debug|Any CPU
		{430C480C-4B95-4ED7-8014-63CD554E5DCE}.Debug|Any CPU.Build.0 = Debug|Any CPU
		{430C480C-4B95-4ED7-8014-63CD554E5DCE}.Release|Any CPU.ActiveCfg = Release|Any CPU
		{430C480C-4B95-4ED7-8014-63CD554E5DCE}.Release|Any CPU.Build.0 = Release|Any CPU
		{59DB26F9-DAD5-4752-9104-3351D7310F66}.Debug|Any CPU.ActiveCfg = Debug|Any CPU
		{59DB26F9-DAD5-4752-9104-3351D7310F66}.Debug|Any CPU.Build.0 = Debug|Any CPU
		{59DB26F9-DAD5-4752-9104-3351D7310F66}.Release|Any CPU.ActiveCfg = Release|Any CPU
		{59DB26F9-DAD5-4752-9104-3351D7310F66}.Release|Any CPU.Build.0 = Release|Any CPU
		{1F429D35-5048-4F09-829A-C2575CD4E25F}.Debug|Any CPU.ActiveCfg = Debug|Any CPU
		{1F429D35-5048-4F09-829A-C2575CD4E25F}.Debug|Any CPU.Build.0 = Debug|Any CPU
		{1F429D35-5048-4F09-829A-C2575CD4E25F}.Release|Any CPU.ActiveCfg = Release|Any CPU
		{1F429D35-5048-4F09-829A-C2575CD4E25F}.Release|Any CPU.Build.0 = Release|Any CPU
	EndGlobalSection
	GlobalSection(SolutionProperties) = preSolution
		HideSolutionNode = FALSE
	EndGlobalSection
	GlobalSection(NestedProjects) = preSolution
		{07F6B3B7-F091-4D50-96D3-D13C834459CC} = {DF83858A-8369-4E48-9800-376FDFFB5084}
		{63D7183C-A70D-43BB-98A8-A73748DAA1BE} = {8EEC6221-A170-4668-A271-CF7CA95E608D}
		{E69F32C6-7AAC-45F6-B38E-8CFB61D56E7B} = {E6AB0D24-BE0C-48C1-B425-6BC1FF5B918F}
		{01350E08-6769-4487-BE8A-99B362DC2792} = {E69F32C6-7AAC-45F6-B38E-8CFB61D56E7B}
		{26443D1A-9BE6-4C15-AC68-AF0689E7FD03} = {3054B438-962F-4C9B-A18A-709A7246B6B7}
		{3054B438-962F-4C9B-A18A-709A7246B6B7} = {E6AB0D24-BE0C-48C1-B425-6BC1FF5B918F}
		{59DB26F9-DAD5-4752-9104-3351D7310F66} = {DF83858A-8369-4E48-9800-376FDFFB5084}
		{1F429D35-5048-4F09-829A-C2575CD4E25F} = {DF83858A-8369-4E48-9800-376FDFFB5084}
	EndGlobalSection
	GlobalSection(ExtensibilityGlobals) = postSolution
		SolutionGuid = {834DC942-9BF3-465A-8BEF-C844CD9ACEF5}
	EndGlobalSection
EndGlobal
