
Microsoft Visual Studio Solution File, Format Version 12.00
# Visual Studio Version 17
VisualStudioVersion = 17.0.31919.166
MinimumVisualStudioVersion = 10.0.40219.1
Project("{9A19103F-16F7-4668-BE54-9A1E7A4F7556}") = "Thundire.MVVM.WPF", "Thundire.MVVM.WPF\Thundire.MVVM.WPF.csproj", "{9196DCF2-1ABE-420C-B805-3370E65690D4}"
EndProject
Project("{2150E333-8FDC-42A3-9474-1A3956D46DE8}") = "Samples", "Samples", "{8EEC6221-A170-4668-A271-CF7CA95E608D}"
EndProject
Project("{2150E333-8FDC-42A3-9474-1A3956D46DE8}") = "Tests", "Tests", "{E6AB0D24-BE0C-48C1-B425-6BC1FF5B918F}"
EndProject
Project("{9A19103F-16F7-4668-BE54-9A1E7A4F7556}") = "Thundire.Helpers", "Thundire.Helpers\Thundire.Helpers.csproj", "{4E217DC1-2F9A-4F97-8259-3309EE5F8FD3}"
EndProject
Project("{9A19103F-16F7-4668-BE54-9A1E7A4F7556}") = "Thundire.MVVM.Core", "Thundire.MVVM.Core\Thundire.MVVM.Core.csproj", "{1E9B7E5E-9454-4BDB-88D8-AEE36E43C8B6}"
EndProject
Project("{9A19103F-16F7-4668-BE54-9A1E7A4F7556}") = "Thundire.MVVM.WPF.Abstractions", "Thundire.MVVM.WPF.Abstractions\Thundire.MVVM.WPF.Abstractions.csproj", "{430C480C-4B95-4ED7-8014-63CD554E5DCE}"
EndProject
Project("{2150E333-8FDC-42A3-9474-1A3956D46DE8}") = "Solution Items", "Solution Items", "{FAFF318C-22D0-465A-9A7F-FF42915AE58A}"
	ProjectSection(SolutionItems) = preProject
		.editorconfig = .editorconfig
	EndProjectSection
EndProject
Project("{2150E333-8FDC-42A3-9474-1A3956D46DE8}") = "DiContainersRegistrations", "DiContainersRegistrations", "{DF83858A-8369-4E48-9800-376FDFFB5084}"
EndProject
Project("{9A19103F-16F7-4668-BE54-9A1E7A4F7556}") = "Thundire.MVVM.MicrosoftDIContainer", "DiContainers\Thundire.MVVM.MicrosoftDIContainer\Thundire.MVVM.MicrosoftDIContainer.csproj", "{59DB26F9-DAD5-4752-9104-3351D7310F66}"
EndProject
Project("{9A19103F-16F7-4668-BE54-9A1E7A4F7556}") = "Thundire.Core.DIContainer", "DiContainers\Thundire.Core.DIContainer\Thundire.Core.DIContainer.csproj", "{1F429D35-5048-4F09-829A-C2575CD4E25F}"
EndProject
Project("{9A19103F-16F7-4668-BE54-9A1E7A4F7556}") = "AutofacDISample", "Samples\AutofacDISample\AutofacDISample.csproj", "{EA6D22DB-94B6-456A-8649-9C80471BDD4A}"
EndProject
Project("{9A19103F-16F7-4668-BE54-9A1E7A4F7556}") = "Shared", "Samples\Shared\Shared.csproj", "{76F60B91-C242-4DDB-8AA9-96FC2485FA0D}"
EndProject
Project("{9A19103F-16F7-4668-BE54-9A1E7A4F7556}") = "Thundire.MVVM.WPF.UnitTests", "Tests\Thundire.MVVM.WPF.UnitTests\Thundire.MVVM.WPF.UnitTests.csproj", "{FC2B5214-FF90-4606-B3D5-F515F75E4FFE}"
EndProject
Project("{9A19103F-16F7-4668-BE54-9A1E7A4F7556}") = "MicrosoftDISample", "Samples\MicrosoftDISample\MicrosoftDISample.csproj", "{006EE9E1-C93D-4B59-B2BC-ED2B4C57F47C}"
EndProject
Project("{9A19103F-16F7-4668-BE54-9A1E7A4F7556}") = "Thundire.MVVM.WPF.Behaviors", "WPF\Thundire.MVVM.WPF.Behaviors\Thundire.MVVM.WPF.Behaviors.csproj", "{B14F2BFE-2EC2-450F-AA17-1F90D96D5910}"
EndProject
Project("{9A19103F-16F7-4668-BE54-9A1E7A4F7556}") = "Thundire.MVVM.WPF.Controls", "WPF\Thundire.MVVM.WPF.Controls\Thundire.MVVM.WPF.Controls.csproj", "{640A5363-D3B6-4F49-A714-D4B825F64B0F}"
EndProject
Project("{9A19103F-16F7-4668-BE54-9A1E7A4F7556}") = "Thundire.MVVM.WPF.DICache", "DiContainers\Thundire.MVVM.WPF.DICache\Thundire.MVVM.WPF.DICache.csproj", "{56D60F86-1416-40DE-80C1-DAD6E68ED04E}"
EndProject
Project("{9A19103F-16F7-4668-BE54-9A1E7A4F7556}") = "Thundire.MVVM.WPF.Core.DICache", "DiContainers\Thundire.MVVM.WPF.Core.DICache\Thundire.MVVM.WPF.Core.DICache.csproj", "{CC6DA8D4-821C-4021-96A1-3F5F09D04EC3}"
EndProject
Project("{9A19103F-16F7-4668-BE54-9A1E7A4F7556}") = "Thundire.MVVM.WPF.Autofac", "DiContainers\Thundire.MVVM.WPF.Autofac\Thundire.MVVM.WPF.Autofac.csproj", "{371114CB-D01E-4D17-A157-CA8ECE7427F6}"
EndProject
Global
	GlobalSection(SolutionConfigurationPlatforms) = preSolution
		Debug|Any CPU = Debug|Any CPU
		Release|Any CPU = Release|Any CPU
	EndGlobalSection
	GlobalSection(ProjectConfigurationPlatforms) = postSolution
		{9196DCF2-1ABE-420C-B805-3370E65690D4}.Debug|Any CPU.ActiveCfg = Debug|Any CPU
		{9196DCF2-1ABE-420C-B805-3370E65690D4}.Debug|Any CPU.Build.0 = Debug|Any CPU
		{9196DCF2-1ABE-420C-B805-3370E65690D4}.Release|Any CPU.ActiveCfg = Release|Any CPU
		{9196DCF2-1ABE-420C-B805-3370E65690D4}.Release|Any CPU.Build.0 = Release|Any CPU
		{4E217DC1-2F9A-4F97-8259-3309EE5F8FD3}.Debug|Any CPU.ActiveCfg = Debug|Any CPU
		{4E217DC1-2F9A-4F97-8259-3309EE5F8FD3}.Debug|Any CPU.Build.0 = Debug|Any CPU
		{4E217DC1-2F9A-4F97-8259-3309EE5F8FD3}.Release|Any CPU.ActiveCfg = Release|Any CPU
		{4E217DC1-2F9A-4F97-8259-3309EE5F8FD3}.Release|Any CPU.Build.0 = Release|Any CPU
		{1E9B7E5E-9454-4BDB-88D8-AEE36E43C8B6}.Debug|Any CPU.ActiveCfg = Debug|Any CPU
		{1E9B7E5E-9454-4BDB-88D8-AEE36E43C8B6}.Debug|Any CPU.Build.0 = Debug|Any CPU
		{1E9B7E5E-9454-4BDB-88D8-AEE36E43C8B6}.Release|Any CPU.ActiveCfg = Release|Any CPU
		{1E9B7E5E-9454-4BDB-88D8-AEE36E43C8B6}.Release|Any CPU.Build.0 = Release|Any CPU
		{430C480C-4B95-4ED7-8014-63CD554E5DCE}.Debug|Any CPU.ActiveCfg = Debug|Any CPU
		{430C480C-4B95-4ED7-8014-63CD554E5DCE}.Debug|Any CPU.Build.0 = Debug|Any CPU
		{430C480C-4B95-4ED7-8014-63CD554E5DCE}.Release|Any CPU.ActiveCfg = Release|Any CPU
		{430C480C-4B95-4ED7-8014-63CD554E5DCE}.Release|Any CPU.Build.0 = Release|Any CPU
		{59DB26F9-DAD5-4752-9104-3351D7310F66}.Debug|Any CPU.ActiveCfg = Debug|Any CPU
		{59DB26F9-DAD5-4752-9104-3351D7310F66}.Debug|Any CPU.Build.0 = Debug|Any CPU
		{59DB26F9-DAD5-4752-9104-3351D7310F66}.Release|Any CPU.ActiveCfg = Release|Any CPU
		{59DB26F9-DAD5-4752-9104-3351D7310F66}.Release|Any CPU.Build.0 = Release|Any CPU
		{1F429D35-5048-4F09-829A-C2575CD4E25F}.Debug|Any CPU.ActiveCfg = Debug|Any CPU
		{1F429D35-5048-4F09-829A-C2575CD4E25F}.Debug|Any CPU.Build.0 = Debug|Any CPU
		{1F429D35-5048-4F09-829A-C2575CD4E25F}.Release|Any CPU.ActiveCfg = Release|Any CPU
		{1F429D35-5048-4F09-829A-C2575CD4E25F}.Release|Any CPU.Build.0 = Release|Any CPU
		{EA6D22DB-94B6-456A-8649-9C80471BDD4A}.Debug|Any CPU.ActiveCfg = Debug|Any CPU
		{EA6D22DB-94B6-456A-8649-9C80471BDD4A}.Debug|Any CPU.Build.0 = Debug|Any CPU
		{EA6D22DB-94B6-456A-8649-9C80471BDD4A}.Release|Any CPU.ActiveCfg = Release|Any CPU
		{EA6D22DB-94B6-456A-8649-9C80471BDD4A}.Release|Any CPU.Build.0 = Release|Any CPU
		{76F60B91-C242-4DDB-8AA9-96FC2485FA0D}.Debug|Any CPU.ActiveCfg = Debug|Any CPU
		{76F60B91-C242-4DDB-8AA9-96FC2485FA0D}.Debug|Any CPU.Build.0 = Debug|Any CPU
		{76F60B91-C242-4DDB-8AA9-96FC2485FA0D}.Release|Any CPU.ActiveCfg = Release|Any CPU
		{76F60B91-C242-4DDB-8AA9-96FC2485FA0D}.Release|Any CPU.Build.0 = Release|Any CPU
		{FC2B5214-FF90-4606-B3D5-F515F75E4FFE}.Debug|Any CPU.ActiveCfg = Debug|Any CPU
		{FC2B5214-FF90-4606-B3D5-F515F75E4FFE}.Debug|Any CPU.Build.0 = Debug|Any CPU
		{FC2B5214-FF90-4606-B3D5-F515F75E4FFE}.Release|Any CPU.ActiveCfg = Release|Any CPU
		{FC2B5214-FF90-4606-B3D5-F515F75E4FFE}.Release|Any CPU.Build.0 = Release|Any CPU
		{006EE9E1-C93D-4B59-B2BC-ED2B4C57F47C}.Debug|Any CPU.ActiveCfg = Debug|Any CPU
		{006EE9E1-C93D-4B59-B2BC-ED2B4C57F47C}.Debug|Any CPU.Build.0 = Debug|Any CPU
		{006EE9E1-C93D-4B59-B2BC-ED2B4C57F47C}.Release|Any CPU.ActiveCfg = Release|Any CPU
		{006EE9E1-C93D-4B59-B2BC-ED2B4C57F47C}.Release|Any CPU.Build.0 = Release|Any CPU
		{B14F2BFE-2EC2-450F-AA17-1F90D96D5910}.Debug|Any CPU.ActiveCfg = Debug|Any CPU
		{B14F2BFE-2EC2-450F-AA17-1F90D96D5910}.Debug|Any CPU.Build.0 = Debug|Any CPU
		{B14F2BFE-2EC2-450F-AA17-1F90D96D5910}.Release|Any CPU.ActiveCfg = Release|Any CPU
		{B14F2BFE-2EC2-450F-AA17-1F90D96D5910}.Release|Any CPU.Build.0 = Release|Any CPU
		{640A5363-D3B6-4F49-A714-D4B825F64B0F}.Debug|Any CPU.ActiveCfg = Debug|Any CPU
		{640A5363-D3B6-4F49-A714-D4B825F64B0F}.Debug|Any CPU.Build.0 = Debug|Any CPU
		{640A5363-D3B6-4F49-A714-D4B825F64B0F}.Release|Any CPU.ActiveCfg = Release|Any CPU
		{640A5363-D3B6-4F49-A714-D4B825F64B0F}.Release|Any CPU.Build.0 = Release|Any CPU
		{56D60F86-1416-40DE-80C1-DAD6E68ED04E}.Debug|Any CPU.ActiveCfg = Debug|Any CPU
		{56D60F86-1416-40DE-80C1-DAD6E68ED04E}.Debug|Any CPU.Build.0 = Debug|Any CPU
		{56D60F86-1416-40DE-80C1-DAD6E68ED04E}.Release|Any CPU.ActiveCfg = Release|Any CPU
		{56D60F86-1416-40DE-80C1-DAD6E68ED04E}.Release|Any CPU.Build.0 = Release|Any CPU
		{CC6DA8D4-821C-4021-96A1-3F5F09D04EC3}.Debug|Any CPU.ActiveCfg = Debug|Any CPU
		{CC6DA8D4-821C-4021-96A1-3F5F09D04EC3}.Debug|Any CPU.Build.0 = Debug|Any CPU
		{CC6DA8D4-821C-4021-96A1-3F5F09D04EC3}.Release|Any CPU.ActiveCfg = Release|Any CPU
		{CC6DA8D4-821C-4021-96A1-3F5F09D04EC3}.Release|Any CPU.Build.0 = Release|Any CPU
		{371114CB-D01E-4D17-A157-CA8ECE7427F6}.Debug|Any CPU.ActiveCfg = Debug|Any CPU
		{371114CB-D01E-4D17-A157-CA8ECE7427F6}.Debug|Any CPU.Build.0 = Debug|Any CPU
		{371114CB-D01E-4D17-A157-CA8ECE7427F6}.Release|Any CPU.ActiveCfg = Release|Any CPU
		{371114CB-D01E-4D17-A157-CA8ECE7427F6}.Release|Any CPU.Build.0 = Release|Any CPU
	EndGlobalSection
	GlobalSection(SolutionProperties) = preSolution
		HideSolutionNode = FALSE
	EndGlobalSection
	GlobalSection(NestedProjects) = preSolution
		{59DB26F9-DAD5-4752-9104-3351D7310F66} = {DF83858A-8369-4E48-9800-376FDFFB5084}
		{1F429D35-5048-4F09-829A-C2575CD4E25F} = {DF83858A-8369-4E48-9800-376FDFFB5084}
		{EA6D22DB-94B6-456A-8649-9C80471BDD4A} = {8EEC6221-A170-4668-A271-CF7CA95E608D}
		{76F60B91-C242-4DDB-8AA9-96FC2485FA0D} = {8EEC6221-A170-4668-A271-CF7CA95E608D}
		{FC2B5214-FF90-4606-B3D5-F515F75E4FFE} = {E6AB0D24-BE0C-48C1-B425-6BC1FF5B918F}
		{006EE9E1-C93D-4B59-B2BC-ED2B4C57F47C} = {8EEC6221-A170-4668-A271-CF7CA95E608D}
		{56D60F86-1416-40DE-80C1-DAD6E68ED04E} = {DF83858A-8369-4E48-9800-376FDFFB5084}
		{CC6DA8D4-821C-4021-96A1-3F5F09D04EC3} = {DF83858A-8369-4E48-9800-376FDFFB5084}
		{371114CB-D01E-4D17-A157-CA8ECE7427F6} = {DF83858A-8369-4E48-9800-376FDFFB5084}
	EndGlobalSection
	GlobalSection(ExtensibilityGlobals) = postSolution
		SolutionGuid = {834DC942-9BF3-465A-8BEF-C844CD9ACEF5}
	EndGlobalSection
EndGlobal
