
Microsoft Visual Studio Solution File, Format Version 12.00
# Visual Studio Version 16
VisualStudioVersion = 16.0.31321.278
MinimumVisualStudioVersion = 10.0.40219.1
Project("{9A19103F-16F7-4668-BE54-9A1E7A4F7556}") = "Thundire.MVVM.WPF", "Thundire.MVVM.WPF.csproj", "{15FB792C-CE91-47A9-8DB0-759F8FC89924}"
EndProject
Global
	GlobalSection(SolutionConfigurationPlatforms) = preSolution
		Debug|Any CPU = Debug|Any CPU
		Release|Any CPU = Release|Any CPU
	EndGlobalSection
	GlobalSection(ProjectConfigurationPlatforms) = postSolution
		{15FB792C-CE91-47A9-8DB0-759F8FC89924}.Debug|Any CPU.ActiveCfg = Debug|Any CPU
		{15FB792C-CE91-47A9-8DB0-759F8FC89924}.Debug|Any CPU.Build.0 = Debug|Any CPU
		{15FB792C-CE91-47A9-8DB0-759F8FC89924}.Release|Any CPU.ActiveCfg = Release|Any CPU
		{15FB792C-CE91-47A9-8DB0-759F8FC89924}.Release|Any CPU.Build.0 = Release|Any CPU
	EndGlobalSection
	GlobalSection(SolutionProperties) = preSolution
		HideSolutionNode = FALSE
	EndGlobalSection
	GlobalSection(ExtensibilityGlobals) = postSolution
		SolutionGuid = {F6AAE625-A965-4897-AD97-62F04648D0DE}
	EndGlobalSection
EndGlobal
